{
  "name": "color-gradients",
  "version": "1.0.0",
  "lockfileVersion": 1,
  "requires": true,
  "dependencies": {
    "console-hue": {
      "version": "1.0.2",
      "resolved": "https://registry.npmjs.org/console-hue/-/console-hue-1.0.2.tgz",
      "integrity": "sha512-zhdzJ3VoWaB6Z0I9uG0upJCFL+LimN6VW4X7tY/qGZ/n/bXKmoV8gBAwXAbq9M3+9qC1CaiFXCG7RIxWpPo4Kw=="
    },
    "sort-objects-array": {
      "version": "1.5.0",
      "resolved": "https://registry.npmjs.org/sort-objects-array/-/sort-objects-array-1.5.0.tgz",
      "integrity": "sha512-Pz/iaDx3TIlqYp9VixSLaAqjZ1fA63eUWHs6Am82ffEj7PoxitLAEwR685L0LKhrhbg2XoqPJqHMdbK5oVyyCQ=="
    }
  }
}
